
Microsoft Visual Studio Solution File, Format Version 12.00
# Visual Studio Version 16
VisualStudioVersion = 16.0.30413.136
MinimumVisualStudioVersion = 10.0.40219.1
Project("{FAE04EC0-301F-11D3-BF4B-00C04F79EFBC}") = "Banco_Dados_SMDS", "Banco_Dados_SMDS\Banco_Dados_SMDS.csproj", "{4703A93E-4FDD-4F74-A543-33088ED42B71}"
EndProject
Global
	GlobalSection(SolutionConfigurationPlatforms) = preSolution
		Debug|Any CPU = Debug|Any CPU
		Release|Any CPU = Release|Any CPU
	EndGlobalSection
	GlobalSection(ProjectConfigurationPlatforms) = postSolution
		{4703A93E-4FDD-4F74-A543-33088ED42B71}.Debug|Any CPU.ActiveCfg = Debug|Any CPU
		{4703A93E-4FDD-4F74-A543-33088ED42B71}.Debug|Any CPU.Build.0 = Debug|Any CPU
		{4703A93E-4FDD-4F74-A543-33088ED42B71}.Release|Any CPU.ActiveCfg = Release|Any CPU
		{4703A93E-4FDD-4F74-A543-33088ED42B71}.Release|Any CPU.Build.0 = Release|Any CPU
	EndGlobalSection
	GlobalSection(SolutionProperties) = preSolution
		HideSolutionNode = FALSE
	EndGlobalSection
	GlobalSection(ExtensibilityGlobals) = postSolution
		SolutionGuid = {D64A3D47-1238-4758-A2BE-A6E1156AB94B}
	EndGlobalSection
EndGlobal
